{
  "name": "sih-project",
  "lockfileVersion": 3,
  "requires": true,
  "packages": {
    "": {
      "dependencies": {
        "regex": "^4.3.1"
      }
    },
    "node_modules/regex": {
      "version": "4.3.1",
      "resolved": "https://registry.npmjs.org/regex/-/regex-4.3.1.tgz",
      "integrity": "sha512-bSfyWQPXxGdVr75U0FmsC0gHnsbBO03MV7Zxzdu1ICL+obQYoAI/kcj38KFZSF888lSW11cofxIi3ArF+6YGMg==",
      "license": "MIT"
    }
  }
}
